lockfileVersion: 5.4

specifiers:
  mustache: ^3.0.1
  prettier: ^2.5.0

devDependencies:
  mustache: 3.2.1
  prettier: 2.8.1

packages:

  /mustache/3.2.1:
    resolution: {integrity: sha512-RERvMFdLpaFfSRIEe632yDm5nsd0SDKn8hGmcUwswnyiE5mtdZLDybtHAz6hjJhawokF0hXvGLtx9mrQfm6FkA==}
    engines: {npm: '>=1.4.0'}
    hasBin: true
    dev: true

  /prettier/2.8.1:
    resolution: {integrity: sha512-lqGoSJBQNJidqCHE80vqZJHWHRFoNYsSpP9AjFhlhi9ODCJA541svILes/+/1GM3VaL/abZi7cpFzOpdR9UPKg==}
    engines: {node: '>=10.13.0'}
    hasBin: true
    dev: true
